
Microsoft Visual Studio Solution File, Format Version 12.00
# Visual Studio 15
VisualStudioVersion = 15.0.28307.1145
MinimumVisualStudioVersion = 10.0.40219.1
Project("{FAE04EC0-301F-11D3-BF4B-00C04F79EFBC}") = "Exercise2", "Exercise2\Exercise2.csproj", "{D2C4739C-B0DC-4244-9C0F-C6BE09DCDB82}"
EndProject
Global
	GlobalSection(SolutionConfigurationPlatforms) = preSolution
		Debug|Any CPU = Debug|Any CPU
		Release|Any CPU = Release|Any CPU
	EndGlobalSection
	GlobalSection(ProjectConfigurationPlatforms) = postSolution
		{D2C4739C-B0DC-4244-9C0F-C6BE09DCDB82}.Debug|Any CPU.ActiveCfg = Debug|Any CPU
		{D2C4739C-B0DC-4244-9C0F-C6BE09DCDB82}.Debug|Any CPU.Build.0 = Debug|Any CPU
		{D2C4739C-B0DC-4244-9C0F-C6BE09DCDB82}.Release|Any CPU.ActiveCfg = Release|Any CPU
		{D2C4739C-B0DC-4244-9C0F-C6BE09DCDB82}.Release|Any CPU.Build.0 = Release|Any CPU
	EndGlobalSection
	GlobalSection(SolutionProperties) = preSolution
		HideSolutionNode = FALSE
	EndGlobalSection
	GlobalSection(ExtensibilityGlobals) = postSolution
		SolutionGuid = {78E7C979-7BDF-4720-903E-CFAC01FC5822}
	EndGlobalSection
EndGlobal
