
Microsoft Visual Studio Solution File, Format Version 12.00
# Visual Studio 15
VisualStudioVersion = 15.0.28307.1145
MinimumVisualStudioVersion = 10.0.40219.1
Project("{FAE04EC0-301F-11D3-BF4B-00C04F79EFBC}") = "Exercise2", "Exercise2\Exercise2.csproj", "{CFE1549C-A6EA-40FC-A3FA-647F806EB603}"
EndProject
Global
	GlobalSection(SolutionConfigurationPlatforms) = preSolution
		Debug|Any CPU = Debug|Any CPU
		Release|Any CPU = Release|Any CPU
	EndGlobalSection
	GlobalSection(ProjectConfigurationPlatforms) = postSolution
		{CFE1549C-A6EA-40FC-A3FA-647F806EB603}.Debug|Any CPU.ActiveCfg = Debug|Any CPU
		{CFE1549C-A6EA-40FC-A3FA-647F806EB603}.Debug|Any CPU.Build.0 = Debug|Any CPU
		{CFE1549C-A6EA-40FC-A3FA-647F806EB603}.Release|Any CPU.ActiveCfg = Release|Any CPU
		{CFE1549C-A6EA-40FC-A3FA-647F806EB603}.Release|Any CPU.Build.0 = Release|Any CPU
	EndGlobalSection
	GlobalSection(SolutionProperties) = preSolution
		HideSolutionNode = FALSE
	EndGlobalSection
	GlobalSection(ExtensibilityGlobals) = postSolution
		SolutionGuid = {32B79446-662E-4846-B32C-4C2DD417DCD9}
	EndGlobalSection
EndGlobal
